
Microsoft Visual Studio Solution File, Format Version 12.00
# Visual Studio Version 17
VisualStudioVersion = 17.9.34902.65
MinimumVisualStudioVersion = 10.0.40219.1
Project("{8BC9CEB8-8B4A-11D0-8D11-00A0C91BC942}") = "VariableFun", "VariableFun\VariableFun.vcxproj", "{F24FE42C-1C5F-456E-8097-F4DC0761F1FD}"
EndProject
Global
	GlobalSection(SolutionConfigurationPlatforms) = preSolution
		Debug|x64 = Debug|x64
		Debug|x86 = Debug|x86
		Release|x64 = Release|x64
		Release|x86 = Release|x86
	EndGlobalSection
	GlobalSection(ProjectConfigurationPlatforms) = postSolution
		{F24FE42C-1C5F-456E-8097-F4DC0761F1FD}.Debug|x64.ActiveCfg = Debug|x64
		{F24FE42C-1C5F-456E-8097-F4DC0761F1FD}.Debug|x64.Build.0 = Debug|x64
		{F24FE42C-1C5F-456E-8097-F4DC0761F1FD}.Debug|x86.ActiveCfg = Debug|Win32
		{F24FE42C-1C5F-456E-8097-F4DC0761F1FD}.Debug|x86.Build.0 = Debug|Win32
		{F24FE42C-1C5F-456E-8097-F4DC0761F1FD}.Release|x64.ActiveCfg = Release|x64
		{F24FE42C-1C5F-456E-8097-F4DC0761F1FD}.Release|x64.Build.0 = Release|x64
		{F24FE42C-1C5F-456E-8097-F4DC0761F1FD}.Release|x86.ActiveCfg = Release|Win32
		{F24FE42C-1C5F-456E-8097-F4DC0761F1FD}.Release|x86.Build.0 = Release|Win32
	EndGlobalSection
	GlobalSection(SolutionProperties) = preSolution
		HideSolutionNode = FALSE
	EndGlobalSection
	GlobalSection(ExtensibilityGlobals) = postSolution
		SolutionGuid = {4DCB7C24-256B-4BDB-A250-A363668E8461}
	EndGlobalSection
EndGlobal
